
Microsoft Visual Studio Solution File, Format Version 12.00
# Visual Studio Version 17
VisualStudioVersion = 17.11.35312.102
MinimumVisualStudioVersion = 10.0.40219.1
Project("{9A19103F-16F7-4668-BE54-9A1E7A4F7556}") = "Tyuiu.RubankoGV.Sprint7.V8", "Tyuiu.RubankoGV.Sprint7.V8.csproj", "{33BB1919-5366-4CD5-A8DE-CA24C71A9998}"
EndProject
Project("{2150E333-8FDC-42A3-9474-1A3956D46DE8}") = "xc", "xc", "{E6EFB5E9-9621-4031-986B-E2071ACC9011}"
EndProject
Project("{FAE04EC0-301F-11D3-BF4B-00C04F79EFBC}") = "Tyuiu.RubankoGV.Sprint7.V8.Lib", "..\Tyuiu.RubankoGV.Sprint7.V8.Lib\Tyuiu.RubankoGV.Sprint7.V8.Lib.csproj", "{692AD000-1519-4895-A0BA-B7D886DEE27B}"
EndProject
Project("{FAE04EC0-301F-11D3-BF4B-00C04F79EFBC}") = "Tyuiu.RubankoGV.Sprint7.V8.Test", "..\Tyuiu.RubankoGV.Sprint7.V8.Test\Tyuiu.RubankoGV.Sprint7.V8.Test.csproj", "{DBDC45D1-F172-42E1-ACAF-79BD709DC295}"
EndProject
Global
	GlobalSection(SolutionConfigurationPlatforms) = preSolution
		Debug|Any CPU = Debug|Any CPU
		Release|Any CPU = Release|Any CPU
	EndGlobalSection
	GlobalSection(ProjectConfigurationPlatforms) = postSolution
		{33BB1919-5366-4CD5-A8DE-CA24C71A9998}.Debug|Any CPU.ActiveCfg = Debug|Any CPU
		{33BB1919-5366-4CD5-A8DE-CA24C71A9998}.Debug|Any CPU.Build.0 = Debug|Any CPU
		{33BB1919-5366-4CD5-A8DE-CA24C71A9998}.Release|Any CPU.ActiveCfg = Release|Any CPU
		{33BB1919-5366-4CD5-A8DE-CA24C71A9998}.Release|Any CPU.Build.0 = Release|Any CPU
		{692AD000-1519-4895-A0BA-B7D886DEE27B}.Debug|Any CPU.ActiveCfg = Debug|Any CPU
		{692AD000-1519-4895-A0BA-B7D886DEE27B}.Debug|Any CPU.Build.0 = Debug|Any CPU
		{692AD000-1519-4895-A0BA-B7D886DEE27B}.Release|Any CPU.ActiveCfg = Release|Any CPU
		{692AD000-1519-4895-A0BA-B7D886DEE27B}.Release|Any CPU.Build.0 = Release|Any CPU
		{DBDC45D1-F172-42E1-ACAF-79BD709DC295}.Debug|Any CPU.ActiveCfg = Debug|Any CPU
		{DBDC45D1-F172-42E1-ACAF-79BD709DC295}.Debug|Any CPU.Build.0 = Debug|Any CPU
		{DBDC45D1-F172-42E1-ACAF-79BD709DC295}.Release|Any CPU.ActiveCfg = Release|Any CPU
		{DBDC45D1-F172-42E1-ACAF-79BD709DC295}.Release|Any CPU.Build.0 = Release|Any CPU
	EndGlobalSection
	GlobalSection(SolutionProperties) = preSolution
		HideSolutionNode = FALSE
	EndGlobalSection
	GlobalSection(NestedProjects) = preSolution
		{33BB1919-5366-4CD5-A8DE-CA24C71A9998} = {E6EFB5E9-9621-4031-986B-E2071ACC9011}
		{692AD000-1519-4895-A0BA-B7D886DEE27B} = {E6EFB5E9-9621-4031-986B-E2071ACC9011}
		{DBDC45D1-F172-42E1-ACAF-79BD709DC295} = {E6EFB5E9-9621-4031-986B-E2071ACC9011}
	EndGlobalSection
	GlobalSection(ExtensibilityGlobals) = postSolution
		SolutionGuid = {40070C60-AF3D-4884-B57D-0A324555D8EC}
	EndGlobalSection
EndGlobal
